
Microsoft Visual Studio Solution File, Format Version 12.00
# Visual Studio Version 17
VisualStudioVersion = 17.12.35527.113
MinimumVisualStudioVersion = 10.0.40219.1
Project("{FAE04EC0-301F-11D3-BF4B-00C04F79EFBC}") = "MusicStore.Api", "src\MusicStore.Api\MusicStore.Api.csproj", "{707D845F-7699-4707-8F9D-337460831D1A}"
EndProject
Project("{FAE04EC0-301F-11D3-BF4B-00C04F79EFBC}") = "MusicStore.Entities", "src\MusicStore.Entities\MusicStore.Entities.csproj", "{A6CC3E0F-EB7B-4C41-8608-C72D733F19AB}"
EndProject
Project("{FAE04EC0-301F-11D3-BF4B-00C04F79EFBC}") = "MusicStore.Repositories", "src\MusicStore.Repositories\MusicStore.Repositories.csproj", "{8643A5C2-FBC5-41CD-A141-554CDFE22E15}"
EndProject
Project("{FAE04EC0-301F-11D3-BF4B-00C04F79EFBC}") = "MusicStore.Persistence", "src\MusicStore.Persistence\MusicStore.Persistence.csproj", "{D368533E-706D-442F-ACC2-83CB420BDE13}"
EndProject
Project("{FAE04EC0-301F-11D3-BF4B-00C04F79EFBC}") = "MusicStore.Dto", "src\MusicStore.Dto\MusicStore.Dto.csproj", "{8BEB7296-7330-4690-B3AD-9B7E7BA2EA5B}"
EndProject
Global
	GlobalSection(SolutionConfigurationPlatforms) = preSolution
		Debug|Any CPU = Debug|Any CPU
		Release|Any CPU = Release|Any CPU
	EndGlobalSection
	GlobalSection(ProjectConfigurationPlatforms) = postSolution
		{707D845F-7699-4707-8F9D-337460831D1A}.Debug|Any CPU.ActiveCfg = Debug|Any CPU
		{707D845F-7699-4707-8F9D-337460831D1A}.Debug|Any CPU.Build.0 = Debug|Any CPU
		{707D845F-7699-4707-8F9D-337460831D1A}.Release|Any CPU.ActiveCfg = Release|Any CPU
		{707D845F-7699-4707-8F9D-337460831D1A}.Release|Any CPU.Build.0 = Release|Any CPU
		{A6CC3E0F-EB7B-4C41-8608-C72D733F19AB}.Debug|Any CPU.ActiveCfg = Debug|Any CPU
		{A6CC3E0F-EB7B-4C41-8608-C72D733F19AB}.Debug|Any CPU.Build.0 = Debug|Any CPU
		{A6CC3E0F-EB7B-4C41-8608-C72D733F19AB}.Release|Any CPU.ActiveCfg = Release|Any CPU
		{A6CC3E0F-EB7B-4C41-8608-C72D733F19AB}.Release|Any CPU.Build.0 = Release|Any CPU
		{8643A5C2-FBC5-41CD-A141-554CDFE22E15}.Debug|Any CPU.ActiveCfg = Debug|Any CPU
		{8643A5C2-FBC5-41CD-A141-554CDFE22E15}.Debug|Any CPU.Build.0 = Debug|Any CPU
		{8643A5C2-FBC5-41CD-A141-554CDFE22E15}.Release|Any CPU.ActiveCfg = Release|Any CPU
		{8643A5C2-FBC5-41CD-A141-554CDFE22E15}.Release|Any CPU.Build.0 = Release|Any CPU
		{D368533E-706D-442F-ACC2-83CB420BDE13}.Debug|Any CPU.ActiveCfg = Debug|Any CPU
		{D368533E-706D-442F-ACC2-83CB420BDE13}.Debug|Any CPU.Build.0 = Debug|Any CPU
		{D368533E-706D-442F-ACC2-83CB420BDE13}.Release|Any CPU.ActiveCfg = Release|Any CPU
		{D368533E-706D-442F-ACC2-83CB420BDE13}.Release|Any CPU.Build.0 = Release|Any CPU
		{8BEB7296-7330-4690-B3AD-9B7E7BA2EA5B}.Debug|Any CPU.ActiveCfg = Debug|Any CPU
		{8BEB7296-7330-4690-B3AD-9B7E7BA2EA5B}.Debug|Any CPU.Build.0 = Debug|Any CPU
		{8BEB7296-7330-4690-B3AD-9B7E7BA2EA5B}.Release|Any CPU.ActiveCfg = Release|Any CPU
		{8BEB7296-7330-4690-B3AD-9B7E7BA2EA5B}.Release|Any CPU.Build.0 = Release|Any CPU
	EndGlobalSection
	GlobalSection(SolutionProperties) = preSolution
		HideSolutionNode = FALSE
	EndGlobalSection
EndGlobal
